<?xml version="1.0" encoding="utf-8"?>
<Project ToolsVersion="14.0" xmlns="http://schemas.microsoft.com/developer/msbuild/2003">
  <ItemGroup>
    <ClCompile Include="D:\clapack-3.2.1-CMAKE\TESTING\MATGEN\slatms.c">
      <Filter>Source Files</Filter>
    </ClCompile>
    <ClCompile Include="D:\clapack-3.2.1-CMAKE\TESTING\MATGEN\slatme.c">
      <Filter>Source Files</Filter>
    </ClCompile>
    <ClCompile Include="D:\clapack-3.2.1-CMAKE\TESTING\MATGEN\slatmr.c">
      <Filter>Source Files</Filter>
    </ClCompile>
    <ClCompile Include="D:\clapack-3.2.1-CMAKE\TESTING\MATGEN\slatmt.c">
      <Filter>Source Files</Filter>
    </ClCompile>
    <ClCompile Include="D:\clapack-3.2.1-CMAKE\TESTING\MATGEN\slagge.c">
      <Filter>Source Files</Filter>
    </ClCompile>
    <ClCompile Include="D:\clapack-3.2.1-CMAKE\TESTING\MATGEN\slagsy.c">
      <Filter>Source Files</Filter>
    </ClCompile>
    <ClCompile Include="D:\clapack-3.2.1-CMAKE\TESTING\MATGEN\slakf2.c">
      <Filter>Source Files</Filter>
    </ClCompile>
    <ClCompile Include="D:\clapack-3.2.1-CMAKE\TESTING\MATGEN\slarge.c">
      <Filter>Source Files</Filter>
    </ClCompile>
    <ClCompile Include="D:\clapack-3.2.1-CMAKE\TESTING\MATGEN\slaror.c">
      <Filter>Source Files</Filter>
    </ClCompile>
    <ClCompile Include="D:\clapack-3.2.1-CMAKE\TESTING\MATGEN\slarot.c">
      <Filter>Source Files</Filter>
    </ClCompile>
    <ClCompile Include="D:\clapack-3.2.1-CMAKE\TESTING\MATGEN\slatm2.c">
      <Filter>Source Files</Filter>
    </ClCompile>
    <ClCompile Include="D:\clapack-3.2.1-CMAKE\TESTING\MATGEN\slatm3.c">
      <Filter>Source Files</Filter>
    </ClCompile>
    <ClCompile Include="D:\clapack-3.2.1-CMAKE\TESTING\MATGEN\slatm5.c">
      <Filter>Source Files</Filter>
    </ClCompile>
    <ClCompile Include="D:\clapack-3.2.1-CMAKE\TESTING\MATGEN\slatm6.c">
      <Filter>Source Files</Filter>
    </ClCompile>
    <ClCompile Include="D:\clapack-3.2.1-CMAKE\TESTING\MATGEN\slatm7.c">
      <Filter>Source Files</Filter>
    </ClCompile>
    <ClCompile Include="D:\clapack-3.2.1-CMAKE\TESTING\MATGEN\slahilb.c">
      <Filter>Source Files</Filter>
    </ClCompile>
    <ClCompile Include="D:\clapack-3.2.1-CMAKE\TESTING\MATGEN\clatms.c">
      <Filter>Source Files</Filter>
    </ClCompile>
    <ClCompile Include="D:\clapack-3.2.1-CMAKE\TESTING\MATGEN\clatme.c">
      <Filter>Source Files</Filter>
    </ClCompile>
    <ClCompile Include="D:\clapack-3.2.1-CMAKE\TESTING\MATGEN\clatmr.c">
      <Filter>Source Files</Filter>
    </ClCompile>
    <ClCompile Include="D:\clapack-3.2.1-CMAKE\TESTING\MATGEN\clatmt.c">
      <Filter>Source Files</Filter>
    </ClCompile>
    <ClCompile Include="D:\clapack-3.2.1-CMAKE\TESTING\MATGEN\clagge.c">
      <Filter>Source Files</Filter>
    </ClCompile>
    <ClCompile Include="D:\clapack-3.2.1-CMAKE\TESTING\MATGEN\claghe.c">
      <Filter>Source Files</Filter>
    </ClCompile>
    <ClCompile Include="D:\clapack-3.2.1-CMAKE\TESTING\MATGEN\clagsy.c">
      <Filter>Source Files</Filter>
    </ClCompile>
    <ClCompile Include="D:\clapack-3.2.1-CMAKE\TESTING\MATGEN\clakf2.c">
      <Filter>Source Files</Filter>
    </ClCompile>
    <ClCompile Include="D:\clapack-3.2.1-CMAKE\TESTING\MATGEN\clarge.c">
      <Filter>Source Files</Filter>
    </ClCompile>
    <ClCompile Include="D:\clapack-3.2.1-CMAKE\TESTING\MATGEN\claror.c">
      <Filter>Source Files</Filter>
    </ClCompile>
    <ClCompile Include="D:\clapack-3.2.1-CMAKE\TESTING\MATGEN\clarot.c">
      <Filter>Source Files</Filter>
    </ClCompile>
    <ClCompile Include="D:\clapack-3.2.1-CMAKE\TESTING\MATGEN\clatm1.c">
      <Filter>Source Files</Filter>
    </ClCompile>
    <ClCompile Include="D:\clapack-3.2.1-CMAKE\TESTING\MATGEN\clarnd.c">
      <Filter>Source Files</Filter>
    </ClCompile>
    <ClCompile Include="D:\clapack-3.2.1-CMAKE\TESTING\MATGEN\clatm2.c">
      <Filter>Source Files</Filter>
    </ClCompile>
    <ClCompile Include="D:\clapack-3.2.1-CMAKE\TESTING\MATGEN\clatm3.c">
      <Filter>Source Files</Filter>
    </ClCompile>
    <ClCompile Include="D:\clapack-3.2.1-CMAKE\TESTING\MATGEN\clatm5.c">
      <Filter>Source Files</Filter>
    </ClCompile>
    <ClCompile Include="D:\clapack-3.2.1-CMAKE\TESTING\MATGEN\clatm6.c">
      <Filter>Source Files</Filter>
    </ClCompile>
    <ClCompile Include="D:\clapack-3.2.1-CMAKE\TESTING\MATGEN\clahilb.c">
      <Filter>Source Files</Filter>
    </ClCompile>
    <ClCompile Include="D:\clapack-3.2.1-CMAKE\TESTING\MATGEN\slatm1.c">
      <Filter>Source Files</Filter>
    </ClCompile>
    <ClCompile Include="D:\clapack-3.2.1-CMAKE\TESTING\MATGEN\slaran.c">
      <Filter>Source Files</Filter>
    </ClCompile>
    <ClCompile Include="D:\clapack-3.2.1-CMAKE\TESTING\MATGEN\slarnd.c">
      <Filter>Source Files</Filter>
    </ClCompile>
    <ClCompile Include="D:\clapack-3.2.1-CMAKE\TESTING\MATGEN\dlatms.c">
      <Filter>Source Files</Filter>
    </ClCompile>
    <ClCompile Include="D:\clapack-3.2.1-CMAKE\TESTING\MATGEN\dlatme.c">
      <Filter>Source Files</Filter>
    </ClCompile>
    <ClCompile Include="D:\clapack-3.2.1-CMAKE\TESTING\MATGEN\dlatmr.c">
      <Filter>Source Files</Filter>
    </ClCompile>
    <ClCompile Include="D:\clapack-3.2.1-CMAKE\TESTING\MATGEN\dlatmt.c">
      <Filter>Source Files</Filter>
    </ClCompile>
    <ClCompile Include="D:\clapack-3.2.1-CMAKE\TESTING\MATGEN\dlagge.c">
      <Filter>Source Files</Filter>
    </ClCompile>
    <ClCompile Include="D:\clapack-3.2.1-CMAKE\TESTING\MATGEN\dlagsy.c">
      <Filter>Source Files</Filter>
    </ClCompile>
    <ClCompile Include="D:\clapack-3.2.1-CMAKE\TESTING\MATGEN\dlakf2.c">
      <Filter>Source Files</Filter>
    </ClCompile>
    <ClCompile Include="D:\clapack-3.2.1-CMAKE\TESTING\MATGEN\dlarge.c">
      <Filter>Source Files</Filter>
    </ClCompile>
    <ClCompile Include="D:\clapack-3.2.1-CMAKE\TESTING\MATGEN\dlaror.c">
      <Filter>Source Files</Filter>
    </ClCompile>
    <ClCompile Include="D:\clapack-3.2.1-CMAKE\TESTING\MATGEN\dlarot.c">
      <Filter>Source Files</Filter>
    </ClCompile>
    <ClCompile Include="D:\clapack-3.2.1-CMAKE\TESTING\MATGEN\dlatm2.c">
      <Filter>Source Files</Filter>
    </ClCompile>
    <ClCompile Include="D:\clapack-3.2.1-CMAKE\TESTING\MATGEN\dlatm3.c">
      <Filter>Source Files</Filter>
    </ClCompile>
    <ClCompile Include="D:\clapack-3.2.1-CMAKE\TESTING\MATGEN\dlatm5.c">
      <Filter>Source Files</Filter>
    </ClCompile>
    <ClCompile Include="D:\clapack-3.2.1-CMAKE\TESTING\MATGEN\dlatm6.c">
      <Filter>Source Files</Filter>
    </ClCompile>
    <ClCompile Include="D:\clapack-3.2.1-CMAKE\TESTING\MATGEN\dlatm7.c">
      <Filter>Source Files</Filter>
    </ClCompile>
    <ClCompile Include="D:\clapack-3.2.1-CMAKE\TESTING\MATGEN\dlahilb.c">
      <Filter>Source Files</Filter>
    </ClCompile>
    <ClCompile Include="D:\clapack-3.2.1-CMAKE\TESTING\MATGEN\zlatms.c">
      <Filter>Source Files</Filter>
    </ClCompile>
    <ClCompile Include="D:\clapack-3.2.1-CMAKE\TESTING\MATGEN\zlatme.c">
      <Filter>Source Files</Filter>
    </ClCompile>
    <ClCompile Include="D:\clapack-3.2.1-CMAKE\TESTING\MATGEN\zlatmr.c">
      <Filter>Source Files</Filter>
    </ClCompile>
    <ClCompile Include="D:\clapack-3.2.1-CMAKE\TESTING\MATGEN\zlatmt.c">
      <Filter>Source Files</Filter>
    </ClCompile>
    <ClCompile Include="D:\clapack-3.2.1-CMAKE\TESTING\MATGEN\zlagge.c">
      <Filter>Source Files</Filter>
    </ClCompile>
    <ClCompile Include="D:\clapack-3.2.1-CMAKE\TESTING\MATGEN\zlaghe.c">
      <Filter>Source Files</Filter>
    </ClCompile>
    <ClCompile Include="D:\clapack-3.2.1-CMAKE\TESTING\MATGEN\zlagsy.c">
      <Filter>Source Files</Filter>
    </ClCompile>
    <ClCompile Include="D:\clapack-3.2.1-CMAKE\TESTING\MATGEN\zlakf2.c">
      <Filter>Source Files</Filter>
    </ClCompile>
    <ClCompile Include="D:\clapack-3.2.1-CMAKE\TESTING\MATGEN\zlarge.c">
      <Filter>Source Files</Filter>
    </ClCompile>
    <ClCompile Include="D:\clapack-3.2.1-CMAKE\TESTING\MATGEN\zlaror.c">
      <Filter>Source Files</Filter>
    </ClCompile>
    <ClCompile Include="D:\clapack-3.2.1-CMAKE\TESTING\MATGEN\zlarot.c">
      <Filter>Source Files</Filter>
    </ClCompile>
    <ClCompile Include="D:\clapack-3.2.1-CMAKE\TESTING\MATGEN\zlatm1.c">
      <Filter>Source Files</Filter>
    </ClCompile>
    <ClCompile Include="D:\clapack-3.2.1-CMAKE\TESTING\MATGEN\zlarnd.c">
      <Filter>Source Files</Filter>
    </ClCompile>
    <ClCompile Include="D:\clapack-3.2.1-CMAKE\TESTING\MATGEN\zlatm2.c">
      <Filter>Source Files</Filter>
    </ClCompile>
    <ClCompile Include="D:\clapack-3.2.1-CMAKE\TESTING\MATGEN\zlatm3.c">
      <Filter>Source Files</Filter>
    </ClCompile>
    <ClCompile Include="D:\clapack-3.2.1-CMAKE\TESTING\MATGEN\zlatm5.c">
      <Filter>Source Files</Filter>
    </ClCompile>
    <ClCompile Include="D:\clapack-3.2.1-CMAKE\TESTING\MATGEN\zlatm6.c">
      <Filter>Source Files</Filter>
    </ClCompile>
    <ClCompile Include="D:\clapack-3.2.1-CMAKE\TESTING\MATGEN\zlahilb.c">
      <Filter>Source Files</Filter>
    </ClCompile>
    <ClCompile Include="D:\clapack-3.2.1-CMAKE\TESTING\MATGEN\dlatm1.c">
      <Filter>Source Files</Filter>
    </ClCompile>
    <ClCompile Include="D:\clapack-3.2.1-CMAKE\TESTING\MATGEN\dlaran.c">
      <Filter>Source Files</Filter>
    </ClCompile>
    <ClCompile Include="D:\clapack-3.2.1-CMAKE\TESTING\MATGEN\dlarnd.c">
      <Filter>Source Files</Filter>
    </ClCompile>
  </ItemGroup>
  <ItemGroup>
    <CustomBuild Include="D:\clapack-3.2.1-CMAKE\TESTING\MATGEN\CMakeLists.txt" />
  </ItemGroup>
  <ItemGroup>
    <Filter Include="Source Files">
      <UniqueIdentifier>{AA95C6CD-D850-300B-A961-A93E73C7103E}</UniqueIdentifier>
    </Filter>
  </ItemGroup>
</Project>
